
Microsoft Visual Studio Solution File, Format Version 12.00
# Visual Studio 2013
VisualStudioVersion = 12.0.21005.1
MinimumVisualStudioVersion = 10.0.40219.1
Project("{FAE04EC0-301F-11D3-BF4B-00C04F79EFBC}") = "NIDebugger", "NIDebugger\NIDebugger.csproj", "{FDB20EB3-5E0E-48DF-9364-299C7F9AAFC8}"
EndProject
Project("{FAE04EC0-301F-11D3-BF4B-00C04F79EFBC}") = "NIDebugger_Test", "NIDebugger_Test\NIDebugger_Test.csproj", "{1899AE4E-E235-4D52-BF46-A9A714A92715}"
EndProject
Global
	GlobalSection(SolutionConfigurationPlatforms) = preSolution
		Debug|Any CPU = Debug|Any CPU
		Release|Any CPU = Release|Any CPU
	EndGlobalSection
	GlobalSection(ProjectConfigurationPlatforms) = postSolution
		{FDB20EB3-5E0E-48DF-9364-299C7F9AAFC8}.Debug|Any CPU.ActiveCfg = Debug|Any CPU
		{FDB20EB3-5E0E-48DF-9364-299C7F9AAFC8}.Debug|Any CPU.Build.0 = Debug|Any CPU
		{FDB20EB3-5E0E-48DF-9364-299C7F9AAFC8}.Release|Any CPU.ActiveCfg = Release|Any CPU
		{FDB20EB3-5E0E-48DF-9364-299C7F9AAFC8}.Release|Any CPU.Build.0 = Release|Any CPU
		{1899AE4E-E235-4D52-BF46-A9A714A92715}.Debug|Any CPU.ActiveCfg = Debug|Any CPU
		{1899AE4E-E235-4D52-BF46-A9A714A92715}.Debug|Any CPU.Build.0 = Debug|Any CPU
		{1899AE4E-E235-4D52-BF46-A9A714A92715}.Release|Any CPU.ActiveCfg = Release|Any CPU
		{1899AE4E-E235-4D52-BF46-A9A714A92715}.Release|Any CPU.Build.0 = Release|Any CPU
	EndGlobalSection
	GlobalSection(SolutionProperties) = preSolution
		HideSolutionNode = FALSE
	EndGlobalSection
EndGlobal
